
Microsoft Visual Studio Solution File, Format Version 12.00
# Visual Studio Version 16
VisualStudioVersion = 16.0.31105.61
MinimumVisualStudioVersion = 10.0.40219.1
Project("{8BC9CEB8-8B4A-11D0-8D11-00A0C91BC942}") = "Project1", "Project1\Project1.vcxproj", "{EA998885-3901-4C82-AF5D-59128CC91515}"
EndProject
Global
	GlobalSection(SolutionConfigurationPlatforms) = preSolution
		Debug|x64 = Debug|x64
		Debug|x86 = Debug|x86
		Release|x64 = Release|x64
		Release|x86 = Release|x86
	EndGlobalSection
	GlobalSection(ProjectConfigurationPlatforms) = postSolution
		{EA998885-3901-4C82-AF5D-59128CC91515}.Debug|x64.ActiveCfg = Debug|x64
		{EA998885-3901-4C82-AF5D-59128CC91515}.Debug|x64.Build.0 = Debug|x64
		{EA998885-3901-4C82-AF5D-59128CC91515}.Debug|x86.ActiveCfg = Debug|Win32
		{EA998885-3901-4C82-AF5D-59128CC91515}.Debug|x86.Build.0 = Debug|Win32
		{EA998885-3901-4C82-AF5D-59128CC91515}.Release|x64.ActiveCfg = Release|x64
		{EA998885-3901-4C82-AF5D-59128CC91515}.Release|x64.Build.0 = Release|x64
		{EA998885-3901-4C82-AF5D-59128CC91515}.Release|x86.ActiveCfg = Release|Win32
		{EA998885-3901-4C82-AF5D-59128CC91515}.Release|x86.Build.0 = Release|Win32
	EndGlobalSection
	GlobalSection(SolutionProperties) = preSolution
		HideSolutionNode = FALSE
	EndGlobalSection
	GlobalSection(ExtensibilityGlobals) = postSolution
		SolutionGuid = {A6743667-7FFC-454F-A554-86F2FDD5B971}
	EndGlobalSection
EndGlobal
